<?xml version="1.0" encoding="utf-8"?>
<Project ToolsVersion="4.0" xmlns="http://schemas.microsoft.com/developer/msbuild/2003">
  <ItemGroup>
    <Filter Include="静态库">
      <UniqueIdentifier>{67DA6AB6-F800-4c08-8B7A-83BB121AAD01}</UniqueIdentifier>
      <Extensions>rc;ico;cur;bmp;dlg;rc2;rct;bin;rgs;gif;jpg;jpeg;jpe;resx;tiff;tif;png;wav;mfcribbon-ms</Extensions>
    </Filter>
    <Filter Include="源文件">
      <UniqueIdentifier>{4FC737F1-C7A5-4376-A066-2A32D752A2FF}</UniqueIdentifier>
      <Extensions>cpp;c;cc;cxx;def;odl;idl;hpj;bat;asm;asmx</Extensions>
    </Filter>
    <Filter Include="头文件">
      <UniqueIdentifier>{3f3fea3e-0109-400a-8835-8384b2486c06}</UniqueIdentifier>
    </Filter>
    <Filter Include="资源文件">
      <UniqueIdentifier>{017d33c1-721c-4071-bc64-d0384895e66a}</UniqueIdentifier>
      <Extensions>rc;ico;cur;bmp;dlg;rc2;rct;bin;rgs;gif;jpg;jpeg;jpe;resx;tiff;tif;png;wav;mfcribbon-ms</Extensions>
    </Filter>
    <Filter Include="头文件\hook">
      <UniqueIdentifier>{affa096e-701d-4bbb-bd21-5b12f048721a}</UniqueIdentifier>
    </Filter>
    <Filter Include="头文件\lua">
      <UniqueIdentifier>{3a12cf5d-628d-484b-abff-ef183cc53b61}</UniqueIdentifier>
    </Filter>
  </ItemGroup>
  <ItemGroup>
    <ClCompile Include="dllmain.cpp">
      <Filter>源文件</Filter>
    </ClCompile>
    <ClCompile Include="src\md5.cpp">
      <Filter>源文件</Filter>
    </ClCompile>
    <ClCompile Include="src\CircularBufferLogger.cpp">
      <Filter>源文件</Filter>
    </ClCompile>
  </ItemGroup>
  <ItemGroup>
    <Library Include="deps\loader.lib">
      <Filter>静态库</Filter>
    </Library>
  </ItemGroup>
  <ItemGroup>
    <ClInclude Include="src\game_utils.h">
      <Filter>头文件</Filter>
    </ClInclude>
    <ClInclude Include="resource.h" />
    <ClInclude Include="src\md5.h">
      <Filter>头文件</Filter>
    </ClInclude>
    <ClInclude Include="src\hook\hook_animals.h">
      <Filter>头文件\hook</Filter>
    </ClInclude>
    <ClInclude Include="src\hook\hook_camera.h">
      <Filter>头文件\hook</Filter>
    </ClInclude>
    <ClInclude Include="src\hook\hook_frame.h">
      <Filter>头文件\hook</Filter>
    </ClInclude>
    <ClInclude Include="src\hook\hook_hit.h">
      <Filter>头文件\hook</Filter>
    </ClInclude>
    <ClInclude Include="src\hook\hook_monster.h">
      <Filter>头文件\hook</Filter>
    </ClInclude>
    <ClInclude Include="src\hook\hook_shlp.h">
      <Filter>头文件\hook</Filter>
    </ClInclude>
    <ClInclude Include="src\lua\lua_core.h">
      <Filter>头文件\lua</Filter>
    </ClInclude>
    <ClInclude Include="src\lua\lua_core_ffi.h">
      <Filter>头文件\lua</Filter>
    </ClInclude>
    <ClInclude Include="src\lua\lua_register.h">
      <Filter>头文件\lua</Filter>
    </ClInclude>
    <ClInclude Include="src\lua\lua_thread.h">
      <Filter>头文件\lua</Filter>
    </ClInclude>
    <ClInclude Include="src\CircularBufferLogger.h">
      <Filter>头文件</Filter>
    </ClInclude>
    <ClInclude Include="src\general.h">
      <Filter>头文件\hook</Filter>
    </ClInclude>
  </ItemGroup>
  <ItemGroup>
    <ResourceCompile Include="LuaEngine.rc">
      <Filter>静态库</Filter>
    </ResourceCompile>
  </ItemGroup>
</Project>