
Microsoft Visual Studio Solution File, Format Version 12.00
# Visual Studio Version 17
VisualStudioVersion = 17.3.32825.248
MinimumVisualStudioVersion = 10.0.40219.1
Project("{8BC9CEB8-8B4A-11D0-8D11-00A0C91BC942}") = "LuaEngine", "LuaEngine.vcxproj", "{8CCB2C51-B523-4118-81F0-4F6379B5DAB8}"
	ProjectSection(ProjectDependencies) = postProject
		{3017CBC2-3FF0-4D60-9222-FF476383D31D} = {3017CBC2-3FF0-4D60-9222-FF476383D31D}
		{F142A341-5EE0-442D-A15F-98AE9B48DBAE} = {F142A341-5EE0-442D-A15F-98AE9B48DBAE}
	EndProjectSection
EndProject
Project("{2150E333-8FDC-42A3-9474-1A3956D46DE8}") = "external", "external", "{A22D0D50-C7BC-4F72-8DE1-AC778C3A48AE}"
EndProject
Project("{8BC9CEB8-8B4A-11D0-8D11-00A0C91BC942}") = "lua", "deps\lua\lua.vcxproj", "{3017CBC2-3FF0-4D60-9222-FF476383D31D}"
EndProject
Project("{8BC9CEB8-8B4A-11D0-8D11-00A0C91BC942}") = "libMinHook", "deps\minhook\build\VC17\libMinHook.vcxproj", "{F142A341-5EE0-442D-A15F-98AE9B48DBAE}"
EndProject
Project("{8BC9CEB8-8B4A-11D0-8D11-00A0C91BC942}") = "safetyhook", "deps\safetyhook\build\safetyhook.vcxproj", "{9D048F53-E530-379C-A1AF-A556A42F68DE}"
EndProject
Global
	GlobalSection(SolutionConfigurationPlatforms) = preSolution
		Debug Kernel|Any CPU = Debug Kernel|Any CPU
		Debug Kernel|x64 = Debug Kernel|x64
		Debug Kernel|x86 = Debug Kernel|x86
		Debug MD DLL|Any CPU = Debug MD DLL|Any CPU
		Debug MD DLL|x64 = Debug MD DLL|x64
		Debug MD DLL|x86 = Debug MD DLL|x86
		Debug MD|Any CPU = Debug MD|Any CPU
		Debug MD|x64 = Debug MD|x64
		Debug MD|x86 = Debug MD|x86
		Debug MT DLL|Any CPU = Debug MT DLL|Any CPU
		Debug MT DLL|x64 = Debug MT DLL|x64
		Debug MT DLL|x86 = Debug MT DLL|x86
		Debug MT|Any CPU = Debug MT|Any CPU
		Debug MT|x64 = Debug MT|x64
		Debug MT|x86 = Debug MT|x86
		Debug|Any CPU = Debug|Any CPU
		Debug|x64 = Debug|x64
		Debug|x86 = Debug|x86
		MinSizeRel|Any CPU = MinSizeRel|Any CPU
		MinSizeRel|x64 = MinSizeRel|x64
		MinSizeRel|x86 = MinSizeRel|x86
		Release Kernel|Any CPU = Release Kernel|Any CPU
		Release Kernel|x64 = Release Kernel|x64
		Release Kernel|x86 = Release Kernel|x86
		Release MD DLL|Any CPU = Release MD DLL|Any CPU
		Release MD DLL|x64 = Release MD DLL|x64
		Release MD DLL|x86 = Release MD DLL|x86
		Release MD|Any CPU = Release MD|Any CPU
		Release MD|x64 = Release MD|x64
		Release MD|x86 = Release MD|x86
		Release MT DLL|Any CPU = Release MT DLL|Any CPU
		Release MT DLL|x64 = Release MT DLL|x64
		Release MT DLL|x86 = Release MT DLL|x86
		Release MT|Any CPU = Release MT|Any CPU
		Release MT|x64 = Release MT|x64
		Release MT|x86 = Release MT|x86
		Release|Any CPU = Release|Any CPU
		Release|x64 = Release|x64
		Release|x86 = Release|x86
		RelWithDebInfo|Any CPU = RelWithDebInfo|Any CPU
		RelWithDebInfo|x64 = RelWithDebInfo|x64
		RelWithDebInfo|x86 = RelWithDebInfo|x86
	EndGlobalSection
	GlobalSection(ProjectConfigurationPlatforms) = postSolution
		{8CCB2C51-B523-4118-81F0-4F6379B5DAB8}.Debug Kernel|Any CPU.ActiveCfg = Release|x64
		{8CCB2C51-B523-4118-81F0-4F6379B5DAB8}.Debug Kernel|Any CPU.Build.0 = Release|x64
		{8CCB2C51-B523-4118-81F0-4F6379B5DAB8}.Debug Kernel|x64.ActiveCfg = Release|x64
		{8CCB2C51-B523-4118-81F0-4F6379B5DAB8}.Debug Kernel|x64.Build.0 = Release|x64
		{8CCB2C51-B523-4118-81F0-4F6379B5DAB8}.Debug Kernel|x86.ActiveCfg = Release|Win32
		{8CCB2C51-B523-4118-81F0-4F6379B5DAB8}.Debug Kernel|x86.Build.0 = Release|Win32
		{8CCB2C51-B523-4118-81F0-4F6379B5DAB8}.Debug MD DLL|Any CPU.ActiveCfg = Release|x64
		{8CCB2C51-B523-4118-81F0-4F6379B5DAB8}.Debug MD DLL|Any CPU.Build.0 = Release|x64
		{8CCB2C51-B523-4118-81F0-4F6379B5DAB8}.Debug MD DLL|x64.ActiveCfg = Release|x64
		{8CCB2C51-B523-4118-81F0-4F6379B5DAB8}.Debug MD DLL|x64.Build.0 = Release|x64
		{8CCB2C51-B523-4118-81F0-4F6379B5DAB8}.Debug MD DLL|x86.ActiveCfg = Release|Win32
		{8CCB2C51-B523-4118-81F0-4F6379B5DAB8}.Debug MD DLL|x86.Build.0 = Release|Win32
		{8CCB2C51-B523-4118-81F0-4F6379B5DAB8}.Debug MD|Any CPU.ActiveCfg = Release|x64
		{8CCB2C51-B523-4118-81F0-4F6379B5DAB8}.Debug MD|Any CPU.Build.0 = Release|x64
		{8CCB2C51-B523-4118-81F0-4F6379B5DAB8}.Debug MD|x64.ActiveCfg = Release|x64
		{8CCB2C51-B523-4118-81F0-4F6379B5DAB8}.Debug MD|x64.Build.0 = Release|x64
		{8CCB2C51-B523-4118-81F0-4F6379B5DAB8}.Debug MD|x86.ActiveCfg = Release|Win32
		{8CCB2C51-B523-4118-81F0-4F6379B5DAB8}.Debug MD|x86.Build.0 = Release|Win32
		{8CCB2C51-B523-4118-81F0-4F6379B5DAB8}.Debug MT DLL|Any CPU.ActiveCfg = Release|x64
		{8CCB2C51-B523-4118-81F0-4F6379B5DAB8}.Debug MT DLL|Any CPU.Build.0 = Release|x64
		{8CCB2C51-B523-4118-81F0-4F6379B5DAB8}.Debug MT DLL|x64.ActiveCfg = Release|x64
		{8CCB2C51-B523-4118-81F0-4F6379B5DAB8}.Debug MT DLL|x64.Build.0 = Release|x64
		{8CCB2C51-B523-4118-81F0-4F6379B5DAB8}.Debug MT DLL|x86.ActiveCfg = Release|Win32
		{8CCB2C51-B523-4118-81F0-4F6379B5DAB8}.Debug MT DLL|x86.Build.0 = Release|Win32
		{8CCB2C51-B523-4118-81F0-4F6379B5DAB8}.Debug MT|Any CPU.ActiveCfg = Release|x64
		{8CCB2C51-B523-4118-81F0-4F6379B5DAB8}.Debug MT|Any CPU.Build.0 = Release|x64
		{8CCB2C51-B523-4118-81F0-4F6379B5DAB8}.Debug MT|x64.ActiveCfg = Release|x64
		{8CCB2C51-B523-4118-81F0-4F6379B5DAB8}.Debug MT|x64.Build.0 = Release|x64
		{8CCB2C51-B523-4118-81F0-4F6379B5DAB8}.Debug MT|x86.ActiveCfg = Release|Win32
		{8CCB2C51-B523-4118-81F0-4F6379B5DAB8}.Debug MT|x86.Build.0 = Release|Win32
		{8CCB2C51-B523-4118-81F0-4F6379B5DAB8}.Debug|Any CPU.ActiveCfg = Release|x64
		{8CCB2C51-B523-4118-81F0-4F6379B5DAB8}.Debug|Any CPU.Build.0 = Release|x64
		{8CCB2C51-B523-4118-81F0-4F6379B5DAB8}.Debug|x64.ActiveCfg = Release|x64
		{8CCB2C51-B523-4118-81F0-4F6379B5DAB8}.Debug|x64.Build.0 = Release|x64
		{8CCB2C51-B523-4118-81F0-4F6379B5DAB8}.Debug|x86.ActiveCfg = Release|Win32
		{8CCB2C51-B523-4118-81F0-4F6379B5DAB8}.Debug|x86.Build.0 = Release|Win32
		{8CCB2C51-B523-4118-81F0-4F6379B5DAB8}.MinSizeRel|Any CPU.ActiveCfg = Release|x64
		{8CCB2C51-B523-4118-81F0-4F6379B5DAB8}.MinSizeRel|Any CPU.Build.0 = Release|x64
		{8CCB2C51-B523-4118-81F0-4F6379B5DAB8}.MinSizeRel|x64.ActiveCfg = Release|x64
		{8CCB2C51-B523-4118-81F0-4F6379B5DAB8}.MinSizeRel|x64.Build.0 = Release|x64
		{8CCB2C51-B523-4118-81F0-4F6379B5DAB8}.MinSizeRel|x86.ActiveCfg = Release|Win32
		{8CCB2C51-B523-4118-81F0-4F6379B5DAB8}.MinSizeRel|x86.Build.0 = Release|Win32
		{8CCB2C51-B523-4118-81F0-4F6379B5DAB8}.Release Kernel|Any CPU.ActiveCfg = Release|x64
		{8CCB2C51-B523-4118-81F0-4F6379B5DAB8}.Release Kernel|Any CPU.Build.0 = Release|x64
		{8CCB2C51-B523-4118-81F0-4F6379B5DAB8}.Release Kernel|x64.ActiveCfg = Release|x64
		{8CCB2C51-B523-4118-81F0-4F6379B5DAB8}.Release Kernel|x64.Build.0 = Release|x64
		{8CCB2C51-B523-4118-81F0-4F6379B5DAB8}.Release Kernel|x86.ActiveCfg = Release|Win32
		{8CCB2C51-B523-4118-81F0-4F6379B5DAB8}.Release Kernel|x86.Build.0 = Release|Win32
		{8CCB2C51-B523-4118-81F0-4F6379B5DAB8}.Release MD DLL|Any CPU.ActiveCfg = Release|x64
		{8CCB2C51-B523-4118-81F0-4F6379B5DAB8}.Release MD DLL|Any CPU.Build.0 = Release|x64
		{8CCB2C51-B523-4118-81F0-4F6379B5DAB8}.Release MD DLL|x64.ActiveCfg = Release|x64
		{8CCB2C51-B523-4118-81F0-4F6379B5DAB8}.Release MD DLL|x64.Build.0 = Release|x64
		{8CCB2C51-B523-4118-81F0-4F6379B5DAB8}.Release MD DLL|x86.ActiveCfg = Release|Win32
		{8CCB2C51-B523-4118-81F0-4F6379B5DAB8}.Release MD DLL|x86.Build.0 = Release|Win32
		{8CCB2C51-B523-4118-81F0-4F6379B5DAB8}.Release MD|Any CPU.ActiveCfg = Release|x64
		{8CCB2C51-B523-4118-81F0-4F6379B5DAB8}.Release MD|Any CPU.Build.0 = Release|x64
		{8CCB2C51-B523-4118-81F0-4F6379B5DAB8}.Release MD|x64.ActiveCfg = Release|x64
		{8CCB2C51-B523-4118-81F0-4F6379B5DAB8}.Release MD|x64.Build.0 = Release|x64
		{8CCB2C51-B523-4118-81F0-4F6379B5DAB8}.Release MD|x86.ActiveCfg = Release|Win32
		{8CCB2C51-B523-4118-81F0-4F6379B5DAB8}.Release MD|x86.Build.0 = Release|Win32
		{8CCB2C51-B523-4118-81F0-4F6379B5DAB8}.Release MT DLL|Any CPU.ActiveCfg = Release|x64
		{8CCB2C51-B523-4118-81F0-4F6379B5DAB8}.Release MT DLL|Any CPU.Build.0 = Release|x64
		{8CCB2C51-B523-4118-81F0-4F6379B5DAB8}.Release MT DLL|x64.ActiveCfg = Release|x64
		{8CCB2C51-B523-4118-81F0-4F6379B5DAB8}.Release MT DLL|x64.Build.0 = Release|x64
		{8CCB2C51-B523-4118-81F0-4F6379B5DAB8}.Release MT DLL|x86.ActiveCfg = Release|Win32
		{8CCB2C51-B523-4118-81F0-4F6379B5DAB8}.Release MT DLL|x86.Build.0 = Release|Win32
		{8CCB2C51-B523-4118-81F0-4F6379B5DAB8}.Release MT|Any CPU.ActiveCfg = Release|x64
		{8CCB2C51-B523-4118-81F0-4F6379B5DAB8}.Release MT|Any CPU.Build.0 = Release|x64
		{8CCB2C51-B523-4118-81F0-4F6379B5DAB8}.Release MT|x64.ActiveCfg = Release|x64
		{8CCB2C51-B523-4118-81F0-4F6379B5DAB8}.Release MT|x64.Build.0 = Release|x64
		{8CCB2C51-B523-4118-81F0-4F6379B5DAB8}.Release MT|x86.ActiveCfg = Release|Win32
		{8CCB2C51-B523-4118-81F0-4F6379B5DAB8}.Release MT|x86.Build.0 = Release|Win32
		{8CCB2C51-B523-4118-81F0-4F6379B5DAB8}.Release|Any CPU.ActiveCfg = Release|x64
		{8CCB2C51-B523-4118-81F0-4F6379B5DAB8}.Release|Any CPU.Build.0 = Release|x64
		{8CCB2C51-B523-4118-81F0-4F6379B5DAB8}.Release|x64.ActiveCfg = Release|x64
		{8CCB2C51-B523-4118-81F0-4F6379B5DAB8}.Release|x64.Build.0 = Release|x64
		{8CCB2C51-B523-4118-81F0-4F6379B5DAB8}.Release|x86.ActiveCfg = Release|Win32
		{8CCB2C51-B523-4118-81F0-4F6379B5DAB8}.Release|x86.Build.0 = Release|Win32
		{8CCB2C51-B523-4118-81F0-4F6379B5DAB8}.RelWithDebInfo|Any CPU.ActiveCfg = Release|x64
		{8CCB2C51-B523-4118-81F0-4F6379B5DAB8}.RelWithDebInfo|Any CPU.Build.0 = Release|x64
		{8CCB2C51-B523-4118-81F0-4F6379B5DAB8}.RelWithDebInfo|x64.ActiveCfg = Release|x64
		{8CCB2C51-B523-4118-81F0-4F6379B5DAB8}.RelWithDebInfo|x64.Build.0 = Release|x64
		{8CCB2C51-B523-4118-81F0-4F6379B5DAB8}.RelWithDebInfo|x86.ActiveCfg = Release|Win32
		{8CCB2C51-B523-4118-81F0-4F6379B5DAB8}.RelWithDebInfo|x86.Build.0 = Release|Win32
		{3017CBC2-3FF0-4D60-9222-FF476383D31D}.Debug Kernel|Any CPU.ActiveCfg = Release|x64
		{3017CBC2-3FF0-4D60-9222-FF476383D31D}.Debug Kernel|Any CPU.Build.0 = Release|x64
		{3017CBC2-3FF0-4D60-9222-FF476383D31D}.Debug Kernel|x64.ActiveCfg = Release|x64
		{3017CBC2-3FF0-4D60-9222-FF476383D31D}.Debug Kernel|x64.Build.0 = Release|x64
		{3017CBC2-3FF0-4D60-9222-FF476383D31D}.Debug Kernel|x86.ActiveCfg = Release|Win32
		{3017CBC2-3FF0-4D60-9222-FF476383D31D}.Debug Kernel|x86.Build.0 = Release|Win32
		{3017CBC2-3FF0-4D60-9222-FF476383D31D}.Debug MD DLL|Any CPU.ActiveCfg = Release|x64
		{3017CBC2-3FF0-4D60-9222-FF476383D31D}.Debug MD DLL|Any CPU.Build.0 = Release|x64
		{3017CBC2-3FF0-4D60-9222-FF476383D31D}.Debug MD DLL|x64.ActiveCfg = Release|x64
		{3017CBC2-3FF0-4D60-9222-FF476383D31D}.Debug MD DLL|x64.Build.0 = Release|x64
		{3017CBC2-3FF0-4D60-9222-FF476383D31D}.Debug MD DLL|x86.ActiveCfg = Release|Win32
		{3017CBC2-3FF0-4D60-9222-FF476383D31D}.Debug MD DLL|x86.Build.0 = Release|Win32
		{3017CBC2-3FF0-4D60-9222-FF476383D31D}.Debug MD|Any CPU.ActiveCfg = Release|x64
		{3017CBC2-3FF0-4D60-9222-FF476383D31D}.Debug MD|Any CPU.Build.0 = Release|x64
		{3017CBC2-3FF0-4D60-9222-FF476383D31D}.Debug MD|x64.ActiveCfg = Release|x64
		{3017CBC2-3FF0-4D60-9222-FF476383D31D}.Debug MD|x64.Build.0 = Release|x64
		{3017CBC2-3FF0-4D60-9222-FF476383D31D}.Debug MD|x86.ActiveCfg = Release|Win32
		{3017CBC2-3FF0-4D60-9222-FF476383D31D}.Debug MD|x86.Build.0 = Release|Win32
		{3017CBC2-3FF0-4D60-9222-FF476383D31D}.Debug MT DLL|Any CPU.ActiveCfg = Release|x64
		{3017CBC2-3FF0-4D60-9222-FF476383D31D}.Debug MT DLL|Any CPU.Build.0 = Release|x64
		{3017CBC2-3FF0-4D60-9222-FF476383D31D}.Debug MT DLL|x64.ActiveCfg = Release|x64
		{3017CBC2-3FF0-4D60-9222-FF476383D31D}.Debug MT DLL|x64.Build.0 = Release|x64
		{3017CBC2-3FF0-4D60-9222-FF476383D31D}.Debug MT DLL|x86.ActiveCfg = Release|Win32
		{3017CBC2-3FF0-4D60-9222-FF476383D31D}.Debug MT DLL|x86.Build.0 = Release|Win32
		{3017CBC2-3FF0-4D60-9222-FF476383D31D}.Debug MT|Any CPU.ActiveCfg = Release|x64
		{3017CBC2-3FF0-4D60-9222-FF476383D31D}.Debug MT|Any CPU.Build.0 = Release|x64
		{3017CBC2-3FF0-4D60-9222-FF476383D31D}.Debug MT|x64.ActiveCfg = Release|x64
		{3017CBC2-3FF0-4D60-9222-FF476383D31D}.Debug MT|x64.Build.0 = Release|x64
		{3017CBC2-3FF0-4D60-9222-FF476383D31D}.Debug MT|x86.ActiveCfg = Release|Win32
		{3017CBC2-3FF0-4D60-9222-FF476383D31D}.Debug MT|x86.Build.0 = Release|Win32
		{3017CBC2-3FF0-4D60-9222-FF476383D31D}.Debug|Any CPU.ActiveCfg = Release|x64
		{3017CBC2-3FF0-4D60-9222-FF476383D31D}.Debug|Any CPU.Build.0 = Release|x64
		{3017CBC2-3FF0-4D60-9222-FF476383D31D}.Debug|x64.ActiveCfg = Release|x64
		{3017CBC2-3FF0-4D60-9222-FF476383D31D}.Debug|x64.Build.0 = Release|x64
		{3017CBC2-3FF0-4D60-9222-FF476383D31D}.Debug|x86.ActiveCfg = Release|Win32
		{3017CBC2-3FF0-4D60-9222-FF476383D31D}.Debug|x86.Build.0 = Release|Win32
		{3017CBC2-3FF0-4D60-9222-FF476383D31D}.MinSizeRel|Any CPU.ActiveCfg = Release|x64
		{3017CBC2-3FF0-4D60-9222-FF476383D31D}.MinSizeRel|Any CPU.Build.0 = Release|x64
		{3017CBC2-3FF0-4D60-9222-FF476383D31D}.MinSizeRel|x64.ActiveCfg = Release|x64
		{3017CBC2-3FF0-4D60-9222-FF476383D31D}.MinSizeRel|x64.Build.0 = Release|x64
		{3017CBC2-3FF0-4D60-9222-FF476383D31D}.MinSizeRel|x86.ActiveCfg = Release|Win32
		{3017CBC2-3FF0-4D60-9222-FF476383D31D}.MinSizeRel|x86.Build.0 = Release|Win32
		{3017CBC2-3FF0-4D60-9222-FF476383D31D}.Release Kernel|Any CPU.ActiveCfg = Release|x64
		{3017CBC2-3FF0-4D60-9222-FF476383D31D}.Release Kernel|Any CPU.Build.0 = Release|x64
		{3017CBC2-3FF0-4D60-9222-FF476383D31D}.Release Kernel|x64.ActiveCfg = Release|x64
		{3017CBC2-3FF0-4D60-9222-FF476383D31D}.Release Kernel|x64.Build.0 = Release|x64
		{3017CBC2-3FF0-4D60-9222-FF476383D31D}.Release Kernel|x86.ActiveCfg = Release|Win32
		{3017CBC2-3FF0-4D60-9222-FF476383D31D}.Release Kernel|x86.Build.0 = Release|Win32
		{3017CBC2-3FF0-4D60-9222-FF476383D31D}.Release MD DLL|Any CPU.ActiveCfg = Release|x64
		{3017CBC2-3FF0-4D60-9222-FF476383D31D}.Release MD DLL|Any CPU.Build.0 = Release|x64
		{3017CBC2-3FF0-4D60-9222-FF476383D31D}.Release MD DLL|x64.ActiveCfg = Release|x64
		{3017CBC2-3FF0-4D60-9222-FF476383D31D}.Release MD DLL|x64.Build.0 = Release|x64
		{3017CBC2-3FF0-4D60-9222-FF476383D31D}.Release MD DLL|x86.ActiveCfg = Release|Win32
		{3017CBC2-3FF0-4D60-9222-FF476383D31D}.Release MD DLL|x86.Build.0 = Release|Win32
		{3017CBC2-3FF0-4D60-9222-FF476383D31D}.Release MD|Any CPU.ActiveCfg = Release|x64
		{3017CBC2-3FF0-4D60-9222-FF476383D31D}.Release MD|Any CPU.Build.0 = Release|x64
		{3017CBC2-3FF0-4D60-9222-FF476383D31D}.Release MD|x64.ActiveCfg = Release|x64
		{3017CBC2-3FF0-4D60-9222-FF476383D31D}.Release MD|x64.Build.0 = Release|x64
		{3017CBC2-3FF0-4D60-9222-FF476383D31D}.Release MD|x86.ActiveCfg = Release|Win32
		{3017CBC2-3FF0-4D60-9222-FF476383D31D}.Release MD|x86.Build.0 = Release|Win32
		{3017CBC2-3FF0-4D60-9222-FF476383D31D}.Release MT DLL|Any CPU.ActiveCfg = Release|x64
		{3017CBC2-3FF0-4D60-9222-FF476383D31D}.Release MT DLL|Any CPU.Build.0 = Release|x64
		{3017CBC2-3FF0-4D60-9222-FF476383D31D}.Release MT DLL|x64.ActiveCfg = Release|x64
		{3017CBC2-3FF0-4D60-9222-FF476383D31D}.Release MT DLL|x64.Build.0 = Release|x64
		{3017CBC2-3FF0-4D60-9222-FF476383D31D}.Release MT DLL|x86.ActiveCfg = Release|Win32
		{3017CBC2-3FF0-4D60-9222-FF476383D31D}.Release MT DLL|x86.Build.0 = Release|Win32
		{3017CBC2-3FF0-4D60-9222-FF476383D31D}.Release MT|Any CPU.ActiveCfg = Release|x64
		{3017CBC2-3FF0-4D60-9222-FF476383D31D}.Release MT|Any CPU.Build.0 = Release|x64
		{3017CBC2-3FF0-4D60-9222-FF476383D31D}.Release MT|x64.ActiveCfg = Release|x64
		{3017CBC2-3FF0-4D60-9222-FF476383D31D}.Release MT|x64.Build.0 = Release|x64
		{3017CBC2-3FF0-4D60-9222-FF476383D31D}.Release MT|x86.ActiveCfg = Release|Win32
		{3017CBC2-3FF0-4D60-9222-FF476383D31D}.Release MT|x86.Build.0 = Release|Win32
		{3017CBC2-3FF0-4D60-9222-FF476383D31D}.Release|Any CPU.ActiveCfg = Release|x64
		{3017CBC2-3FF0-4D60-9222-FF476383D31D}.Release|Any CPU.Build.0 = Release|x64
		{3017CBC2-3FF0-4D60-9222-FF476383D31D}.Release|x64.ActiveCfg = Release|x64
		{3017CBC2-3FF0-4D60-9222-FF476383D31D}.Release|x64.Build.0 = Release|x64
		{3017CBC2-3FF0-4D60-9222-FF476383D31D}.Release|x86.ActiveCfg = Release|Win32
		{3017CBC2-3FF0-4D60-9222-FF476383D31D}.Release|x86.Build.0 = Release|Win32
		{3017CBC2-3FF0-4D60-9222-FF476383D31D}.RelWithDebInfo|Any CPU.ActiveCfg = Release|x64
		{3017CBC2-3FF0-4D60-9222-FF476383D31D}.RelWithDebInfo|Any CPU.Build.0 = Release|x64
		{3017CBC2-3FF0-4D60-9222-FF476383D31D}.RelWithDebInfo|x64.ActiveCfg = Release|x64
		{3017CBC2-3FF0-4D60-9222-FF476383D31D}.RelWithDebInfo|x64.Build.0 = Release|x64
		{3017CBC2-3FF0-4D60-9222-FF476383D31D}.RelWithDebInfo|x86.ActiveCfg = Release|Win32
		{3017CBC2-3FF0-4D60-9222-FF476383D31D}.RelWithDebInfo|x86.Build.0 = Release|Win32
		{F142A341-5EE0-442D-A15F-98AE9B48DBAE}.Debug Kernel|Any CPU.ActiveCfg = Release|x64
		{F142A341-5EE0-442D-A15F-98AE9B48DBAE}.Debug Kernel|Any CPU.Build.0 = Release|x64
		{F142A341-5EE0-442D-A15F-98AE9B48DBAE}.Debug Kernel|x64.ActiveCfg = Release|x64
		{F142A341-5EE0-442D-A15F-98AE9B48DBAE}.Debug Kernel|x64.Build.0 = Release|x64
		{F142A341-5EE0-442D-A15F-98AE9B48DBAE}.Debug Kernel|x86.ActiveCfg = Release|Win32
		{F142A341-5EE0-442D-A15F-98AE9B48DBAE}.Debug Kernel|x86.Build.0 = Release|Win32
		{F142A341-5EE0-442D-A15F-98AE9B48DBAE}.Debug MD DLL|Any CPU.ActiveCfg = Release|x64
		{F142A341-5EE0-442D-A15F-98AE9B48DBAE}.Debug MD DLL|Any CPU.Build.0 = Release|x64
		{F142A341-5EE0-442D-A15F-98AE9B48DBAE}.Debug MD DLL|x64.ActiveCfg = Release|x64
		{F142A341-5EE0-442D-A15F-98AE9B48DBAE}.Debug MD DLL|x64.Build.0 = Release|x64
		{F142A341-5EE0-442D-A15F-98AE9B48DBAE}.Debug MD DLL|x86.ActiveCfg = Release|Win32
		{F142A341-5EE0-442D-A15F-98AE9B48DBAE}.Debug MD DLL|x86.Build.0 = Release|Win32
		{F142A341-5EE0-442D-A15F-98AE9B48DBAE}.Debug MD|Any CPU.ActiveCfg = Release|x64
		{F142A341-5EE0-442D-A15F-98AE9B48DBAE}.Debug MD|Any CPU.Build.0 = Release|x64
		{F142A341-5EE0-442D-A15F-98AE9B48DBAE}.Debug MD|x64.ActiveCfg = Release|x64
		{F142A341-5EE0-442D-A15F-98AE9B48DBAE}.Debug MD|x64.Build.0 = Release|x64
		{F142A341-5EE0-442D-A15F-98AE9B48DBAE}.Debug MD|x86.ActiveCfg = Release|Win32
		{F142A341-5EE0-442D-A15F-98AE9B48DBAE}.Debug MD|x86.Build.0 = Release|Win32
		{F142A341-5EE0-442D-A15F-98AE9B48DBAE}.Debug MT DLL|Any CPU.ActiveCfg = Release|x64
		{F142A341-5EE0-442D-A15F-98AE9B48DBAE}.Debug MT DLL|Any CPU.Build.0 = Release|x64
		{F142A341-5EE0-442D-A15F-98AE9B48DBAE}.Debug MT DLL|x64.ActiveCfg = Release|x64
		{F142A341-5EE0-442D-A15F-98AE9B48DBAE}.Debug MT DLL|x64.Build.0 = Release|x64
		{F142A341-5EE0-442D-A15F-98AE9B48DBAE}.Debug MT DLL|x86.ActiveCfg = Release|Win32
		{F142A341-5EE0-442D-A15F-98AE9B48DBAE}.Debug MT DLL|x86.Build.0 = Release|Win32
		{F142A341-5EE0-442D-A15F-98AE9B48DBAE}.Debug MT|Any CPU.ActiveCfg = Release|x64
		{F142A341-5EE0-442D-A15F-98AE9B48DBAE}.Debug MT|Any CPU.Build.0 = Release|x64
		{F142A341-5EE0-442D-A15F-98AE9B48DBAE}.Debug MT|x64.ActiveCfg = Release|x64
		{F142A341-5EE0-442D-A15F-98AE9B48DBAE}.Debug MT|x64.Build.0 = Release|x64
		{F142A341-5EE0-442D-A15F-98AE9B48DBAE}.Debug MT|x86.ActiveCfg = Release|Win32
		{F142A341-5EE0-442D-A15F-98AE9B48DBAE}.Debug MT|x86.Build.0 = Release|Win32
		{F142A341-5EE0-442D-A15F-98AE9B48DBAE}.Debug|Any CPU.ActiveCfg = Release|x64
		{F142A341-5EE0-442D-A15F-98AE9B48DBAE}.Debug|Any CPU.Build.0 = Release|x64
		{F142A341-5EE0-442D-A15F-98AE9B48DBAE}.Debug|x64.ActiveCfg = Release|x64
		{F142A341-5EE0-442D-A15F-98AE9B48DBAE}.Debug|x64.Build.0 = Release|x64
		{F142A341-5EE0-442D-A15F-98AE9B48DBAE}.Debug|x86.ActiveCfg = Release|Win32
		{F142A341-5EE0-442D-A15F-98AE9B48DBAE}.Debug|x86.Build.0 = Release|Win32
		{F142A341-5EE0-442D-A15F-98AE9B48DBAE}.MinSizeRel|Any CPU.ActiveCfg = Release|x64
		{F142A341-5EE0-442D-A15F-98AE9B48DBAE}.MinSizeRel|Any CPU.Build.0 = Release|x64
		{F142A341-5EE0-442D-A15F-98AE9B48DBAE}.MinSizeRel|x64.ActiveCfg = Release|x64
		{F142A341-5EE0-442D-A15F-98AE9B48DBAE}.MinSizeRel|x64.Build.0 = Release|x64
		{F142A341-5EE0-442D-A15F-98AE9B48DBAE}.MinSizeRel|x86.ActiveCfg = Release|Win32
		{F142A341-5EE0-442D-A15F-98AE9B48DBAE}.MinSizeRel|x86.Build.0 = Release|Win32
		{F142A341-5EE0-442D-A15F-98AE9B48DBAE}.Release Kernel|Any CPU.ActiveCfg = Release|x64
		{F142A341-5EE0-442D-A15F-98AE9B48DBAE}.Release Kernel|Any CPU.Build.0 = Release|x64
		{F142A341-5EE0-442D-A15F-98AE9B48DBAE}.Release Kernel|x64.ActiveCfg = Release|x64
		{F142A341-5EE0-442D-A15F-98AE9B48DBAE}.Release Kernel|x64.Build.0 = Release|x64
		{F142A341-5EE0-442D-A15F-98AE9B48DBAE}.Release Kernel|x86.ActiveCfg = Release|Win32
		{F142A341-5EE0-442D-A15F-98AE9B48DBAE}.Release Kernel|x86.Build.0 = Release|Win32
		{F142A341-5EE0-442D-A15F-98AE9B48DBAE}.Release MD DLL|Any CPU.ActiveCfg = Release|x64
		{F142A341-5EE0-442D-A15F-98AE9B48DBAE}.Release MD DLL|Any CPU.Build.0 = Release|x64
		{F142A341-5EE0-442D-A15F-98AE9B48DBAE}.Release MD DLL|x64.ActiveCfg = Release|x64
		{F142A341-5EE0-442D-A15F-98AE9B48DBAE}.Release MD DLL|x64.Build.0 = Release|x64
		{F142A341-5EE0-442D-A15F-98AE9B48DBAE}.Release MD DLL|x86.ActiveCfg = Release|Win32
		{F142A341-5EE0-442D-A15F-98AE9B48DBAE}.Release MD DLL|x86.Build.0 = Release|Win32
		{F142A341-5EE0-442D-A15F-98AE9B48DBAE}.Release MD|Any CPU.ActiveCfg = Release|x64
		{F142A341-5EE0-442D-A15F-98AE9B48DBAE}.Release MD|Any CPU.Build.0 = Release|x64
		{F142A341-5EE0-442D-A15F-98AE9B48DBAE}.Release MD|x64.ActiveCfg = Release|x64
		{F142A341-5EE0-442D-A15F-98AE9B48DBAE}.Release MD|x64.Build.0 = Release|x64
		{F142A341-5EE0-442D-A15F-98AE9B48DBAE}.Release MD|x86.ActiveCfg = Release|Win32
		{F142A341-5EE0-442D-A15F-98AE9B48DBAE}.Release MD|x86.Build.0 = Release|Win32
		{F142A341-5EE0-442D-A15F-98AE9B48DBAE}.Release MT DLL|Any CPU.ActiveCfg = Release|x64
		{F142A341-5EE0-442D-A15F-98AE9B48DBAE}.Release MT DLL|Any CPU.Build.0 = Release|x64
		{F142A341-5EE0-442D-A15F-98AE9B48DBAE}.Release MT DLL|x64.ActiveCfg = Release|x64
		{F142A341-5EE0-442D-A15F-98AE9B48DBAE}.Release MT DLL|x64.Build.0 = Release|x64
		{F142A341-5EE0-442D-A15F-98AE9B48DBAE}.Release MT DLL|x86.ActiveCfg = Release|Win32
		{F142A341-5EE0-442D-A15F-98AE9B48DBAE}.Release MT DLL|x86.Build.0 = Release|Win32
		{F142A341-5EE0-442D-A15F-98AE9B48DBAE}.Release MT|Any CPU.ActiveCfg = Release|x64
		{F142A341-5EE0-442D-A15F-98AE9B48DBAE}.Release MT|Any CPU.Build.0 = Release|x64
		{F142A341-5EE0-442D-A15F-98AE9B48DBAE}.Release MT|x64.ActiveCfg = Release|x64
		{F142A341-5EE0-442D-A15F-98AE9B48DBAE}.Release MT|x64.Build.0 = Release|x64
		{F142A341-5EE0-442D-A15F-98AE9B48DBAE}.Release MT|x86.ActiveCfg = Release|Win32
		{F142A341-5EE0-442D-A15F-98AE9B48DBAE}.Release MT|x86.Build.0 = Release|Win32
		{F142A341-5EE0-442D-A15F-98AE9B48DBAE}.Release|Any CPU.ActiveCfg = Release|x64
		{F142A341-5EE0-442D-A15F-98AE9B48DBAE}.Release|Any CPU.Build.0 = Release|x64
		{F142A341-5EE0-442D-A15F-98AE9B48DBAE}.Release|x64.ActiveCfg = Release|x64
		{F142A341-5EE0-442D-A15F-98AE9B48DBAE}.Release|x64.Build.0 = Release|x64
		{F142A341-5EE0-442D-A15F-98AE9B48DBAE}.Release|x86.ActiveCfg = Release|Win32
		{F142A341-5EE0-442D-A15F-98AE9B48DBAE}.Release|x86.Build.0 = Release|Win32
		{F142A341-5EE0-442D-A15F-98AE9B48DBAE}.RelWithDebInfo|Any CPU.ActiveCfg = Release|x64
		{F142A341-5EE0-442D-A15F-98AE9B48DBAE}.RelWithDebInfo|Any CPU.Build.0 = Release|x64
		{F142A341-5EE0-442D-A15F-98AE9B48DBAE}.RelWithDebInfo|x64.ActiveCfg = Release|x64
		{F142A341-5EE0-442D-A15F-98AE9B48DBAE}.RelWithDebInfo|x64.Build.0 = Release|x64
		{F142A341-5EE0-442D-A15F-98AE9B48DBAE}.RelWithDebInfo|x86.ActiveCfg = Release|Win32
		{F142A341-5EE0-442D-A15F-98AE9B48DBAE}.RelWithDebInfo|x86.Build.0 = Release|Win32
		{9D048F53-E530-379C-A1AF-A556A42F68DE}.Debug Kernel|Any CPU.ActiveCfg = Debug|x64
		{9D048F53-E530-379C-A1AF-A556A42F68DE}.Debug Kernel|Any CPU.Build.0 = Debug|x64
		{9D048F53-E530-379C-A1AF-A556A42F68DE}.Debug Kernel|x64.ActiveCfg = Debug|x64
		{9D048F53-E530-379C-A1AF-A556A42F68DE}.Debug Kernel|x64.Build.0 = Debug|x64
		{9D048F53-E530-379C-A1AF-A556A42F68DE}.Debug Kernel|x86.ActiveCfg = Debug|x64
		{9D048F53-E530-379C-A1AF-A556A42F68DE}.Debug Kernel|x86.Build.0 = Debug|x64
		{9D048F53-E530-379C-A1AF-A556A42F68DE}.Debug MD DLL|Any CPU.ActiveCfg = Debug|x64
		{9D048F53-E530-379C-A1AF-A556A42F68DE}.Debug MD DLL|Any CPU.Build.0 = Debug|x64
		{9D048F53-E530-379C-A1AF-A556A42F68DE}.Debug MD DLL|x64.ActiveCfg = Debug|x64
		{9D048F53-E530-379C-A1AF-A556A42F68DE}.Debug MD DLL|x64.Build.0 = Debug|x64
		{9D048F53-E530-379C-A1AF-A556A42F68DE}.Debug MD DLL|x86.ActiveCfg = Debug|x64
		{9D048F53-E530-379C-A1AF-A556A42F68DE}.Debug MD DLL|x86.Build.0 = Debug|x64
		{9D048F53-E530-379C-A1AF-A556A42F68DE}.Debug MD|Any CPU.ActiveCfg = Debug|x64
		{9D048F53-E530-379C-A1AF-A556A42F68DE}.Debug MD|Any CPU.Build.0 = Debug|x64
		{9D048F53-E530-379C-A1AF-A556A42F68DE}.Debug MD|x64.ActiveCfg = Debug|x64
		{9D048F53-E530-379C-A1AF-A556A42F68DE}.Debug MD|x64.Build.0 = Debug|x64
		{9D048F53-E530-379C-A1AF-A556A42F68DE}.Debug MD|x86.ActiveCfg = Debug|x64
		{9D048F53-E530-379C-A1AF-A556A42F68DE}.Debug MD|x86.Build.0 = Debug|x64
		{9D048F53-E530-379C-A1AF-A556A42F68DE}.Debug MT DLL|Any CPU.ActiveCfg = Debug|x64
		{9D048F53-E530-379C-A1AF-A556A42F68DE}.Debug MT DLL|Any CPU.Build.0 = Debug|x64
		{9D048F53-E530-379C-A1AF-A556A42F68DE}.Debug MT DLL|x64.ActiveCfg = Debug|x64
		{9D048F53-E530-379C-A1AF-A556A42F68DE}.Debug MT DLL|x64.Build.0 = Debug|x64
		{9D048F53-E530-379C-A1AF-A556A42F68DE}.Debug MT DLL|x86.ActiveCfg = Debug|x64
		{9D048F53-E530-379C-A1AF-A556A42F68DE}.Debug MT DLL|x86.Build.0 = Debug|x64
		{9D048F53-E530-379C-A1AF-A556A42F68DE}.Debug MT|Any CPU.ActiveCfg = Debug|x64
		{9D048F53-E530-379C-A1AF-A556A42F68DE}.Debug MT|Any CPU.Build.0 = Debug|x64
		{9D048F53-E530-379C-A1AF-A556A42F68DE}.Debug MT|x64.ActiveCfg = Debug|x64
		{9D048F53-E530-379C-A1AF-A556A42F68DE}.Debug MT|x64.Build.0 = Debug|x64
		{9D048F53-E530-379C-A1AF-A556A42F68DE}.Debug MT|x86.ActiveCfg = Debug|x64
		{9D048F53-E530-379C-A1AF-A556A42F68DE}.Debug MT|x86.Build.0 = Debug|x64
		{9D048F53-E530-379C-A1AF-A556A42F68DE}.Debug|Any CPU.ActiveCfg = Debug|x64
		{9D048F53-E530-379C-A1AF-A556A42F68DE}.Debug|Any CPU.Build.0 = Debug|x64
		{9D048F53-E530-379C-A1AF-A556A42F68DE}.Debug|x64.ActiveCfg = Debug|x64
		{9D048F53-E530-379C-A1AF-A556A42F68DE}.Debug|x64.Build.0 = Debug|x64
		{9D048F53-E530-379C-A1AF-A556A42F68DE}.Debug|x86.ActiveCfg = Debug|x64
		{9D048F53-E530-379C-A1AF-A556A42F68DE}.Debug|x86.Build.0 = Debug|x64
		{9D048F53-E530-379C-A1AF-A556A42F68DE}.MinSizeRel|Any CPU.ActiveCfg = MinSizeRel|x64
		{9D048F53-E530-379C-A1AF-A556A42F68DE}.MinSizeRel|Any CPU.Build.0 = MinSizeRel|x64
		{9D048F53-E530-379C-A1AF-A556A42F68DE}.MinSizeRel|x64.ActiveCfg = MinSizeRel|x64
		{9D048F53-E530-379C-A1AF-A556A42F68DE}.MinSizeRel|x64.Build.0 = MinSizeRel|x64
		{9D048F53-E530-379C-A1AF-A556A42F68DE}.MinSizeRel|x86.ActiveCfg = MinSizeRel|x64
		{9D048F53-E530-379C-A1AF-A556A42F68DE}.MinSizeRel|x86.Build.0 = MinSizeRel|x64
		{9D048F53-E530-379C-A1AF-A556A42F68DE}.Release Kernel|Any CPU.ActiveCfg = RelWithDebInfo|x64
		{9D048F53-E530-379C-A1AF-A556A42F68DE}.Release Kernel|Any CPU.Build.0 = RelWithDebInfo|x64
		{9D048F53-E530-379C-A1AF-A556A42F68DE}.Release Kernel|x64.ActiveCfg = RelWithDebInfo|x64
		{9D048F53-E530-379C-A1AF-A556A42F68DE}.Release Kernel|x64.Build.0 = RelWithDebInfo|x64
		{9D048F53-E530-379C-A1AF-A556A42F68DE}.Release Kernel|x86.ActiveCfg = RelWithDebInfo|x64
		{9D048F53-E530-379C-A1AF-A556A42F68DE}.Release Kernel|x86.Build.0 = RelWithDebInfo|x64
		{9D048F53-E530-379C-A1AF-A556A42F68DE}.Release MD DLL|Any CPU.ActiveCfg = RelWithDebInfo|x64
		{9D048F53-E530-379C-A1AF-A556A42F68DE}.Release MD DLL|Any CPU.Build.0 = RelWithDebInfo|x64
		{9D048F53-E530-379C-A1AF-A556A42F68DE}.Release MD DLL|x64.ActiveCfg = RelWithDebInfo|x64
		{9D048F53-E530-379C-A1AF-A556A42F68DE}.Release MD DLL|x64.Build.0 = RelWithDebInfo|x64
		{9D048F53-E530-379C-A1AF-A556A42F68DE}.Release MD DLL|x86.ActiveCfg = RelWithDebInfo|x64
		{9D048F53-E530-379C-A1AF-A556A42F68DE}.Release MD DLL|x86.Build.0 = RelWithDebInfo|x64
		{9D048F53-E530-379C-A1AF-A556A42F68DE}.Release MD|Any CPU.ActiveCfg = RelWithDebInfo|x64
		{9D048F53-E530-379C-A1AF-A556A42F68DE}.Release MD|Any CPU.Build.0 = RelWithDebInfo|x64
		{9D048F53-E530-379C-A1AF-A556A42F68DE}.Release MD|x64.ActiveCfg = RelWithDebInfo|x64
		{9D048F53-E530-379C-A1AF-A556A42F68DE}.Release MD|x64.Build.0 = RelWithDebInfo|x64
		{9D048F53-E530-379C-A1AF-A556A42F68DE}.Release MD|x86.ActiveCfg = RelWithDebInfo|x64
		{9D048F53-E530-379C-A1AF-A556A42F68DE}.Release MD|x86.Build.0 = RelWithDebInfo|x64
		{9D048F53-E530-379C-A1AF-A556A42F68DE}.Release MT DLL|Any CPU.ActiveCfg = RelWithDebInfo|x64
		{9D048F53-E530-379C-A1AF-A556A42F68DE}.Release MT DLL|Any CPU.Build.0 = RelWithDebInfo|x64
		{9D048F53-E530-379C-A1AF-A556A42F68DE}.Release MT DLL|x64.ActiveCfg = RelWithDebInfo|x64
		{9D048F53-E530-379C-A1AF-A556A42F68DE}.Release MT DLL|x64.Build.0 = RelWithDebInfo|x64
		{9D048F53-E530-379C-A1AF-A556A42F68DE}.Release MT DLL|x86.ActiveCfg = RelWithDebInfo|x64
		{9D048F53-E530-379C-A1AF-A556A42F68DE}.Release MT DLL|x86.Build.0 = RelWithDebInfo|x64
		{9D048F53-E530-379C-A1AF-A556A42F68DE}.Release MT|Any CPU.ActiveCfg = RelWithDebInfo|x64
		{9D048F53-E530-379C-A1AF-A556A42F68DE}.Release MT|Any CPU.Build.0 = RelWithDebInfo|x64
		{9D048F53-E530-379C-A1AF-A556A42F68DE}.Release MT|x64.ActiveCfg = RelWithDebInfo|x64
		{9D048F53-E530-379C-A1AF-A556A42F68DE}.Release MT|x64.Build.0 = RelWithDebInfo|x64
		{9D048F53-E530-379C-A1AF-A556A42F68DE}.Release MT|x86.ActiveCfg = RelWithDebInfo|x64
		{9D048F53-E530-379C-A1AF-A556A42F68DE}.Release MT|x86.Build.0 = RelWithDebInfo|x64
		{9D048F53-E530-379C-A1AF-A556A42F68DE}.Release|Any CPU.ActiveCfg = Release|x64
		{9D048F53-E530-379C-A1AF-A556A42F68DE}.Release|Any CPU.Build.0 = Release|x64
		{9D048F53-E530-379C-A1AF-A556A42F68DE}.Release|x64.ActiveCfg = Release|x64
		{9D048F53-E530-379C-A1AF-A556A42F68DE}.Release|x64.Build.0 = Release|x64
		{9D048F53-E530-379C-A1AF-A556A42F68DE}.Release|x86.ActiveCfg = Release|x64
		{9D048F53-E530-379C-A1AF-A556A42F68DE}.Release|x86.Build.0 = Release|x64
		{9D048F53-E530-379C-A1AF-A556A42F68DE}.RelWithDebInfo|Any CPU.ActiveCfg = RelWithDebInfo|x64
		{9D048F53-E530-379C-A1AF-A556A42F68DE}.RelWithDebInfo|Any CPU.Build.0 = RelWithDebInfo|x64
		{9D048F53-E530-379C-A1AF-A556A42F68DE}.RelWithDebInfo|x64.ActiveCfg = RelWithDebInfo|x64
		{9D048F53-E530-379C-A1AF-A556A42F68DE}.RelWithDebInfo|x64.Build.0 = RelWithDebInfo|x64
		{9D048F53-E530-379C-A1AF-A556A42F68DE}.RelWithDebInfo|x86.ActiveCfg = RelWithDebInfo|x64
		{9D048F53-E530-379C-A1AF-A556A42F68DE}.RelWithDebInfo|x86.Build.0 = RelWithDebInfo|x64
	EndGlobalSection
	GlobalSection(SolutionProperties) = preSolution
		HideSolutionNode = FALSE
	EndGlobalSection
	GlobalSection(NestedProjects) = preSolution
		{3017CBC2-3FF0-4D60-9222-FF476383D31D} = {A22D0D50-C7BC-4F72-8DE1-AC778C3A48AE}
		{F142A341-5EE0-442D-A15F-98AE9B48DBAE} = {A22D0D50-C7BC-4F72-8DE1-AC778C3A48AE}
		{9D048F53-E530-379C-A1AF-A556A42F68DE} = {A22D0D50-C7BC-4F72-8DE1-AC778C3A48AE}
	EndGlobalSection
	GlobalSection(ExtensibilityGlobals) = postSolution
		SolutionGuid = {C9438AFD-AE6F-47F6-AEE2-38E827712823}
	EndGlobalSection
EndGlobal
